<Solution>
  <Project Path="src/AtomUI.Labs.Controls.Led/AtomUI.Labs.Controls.Led.csproj" />
  <Project Path="tests/AtomUI.Labs.Controls.Led.Tests/AtomUI.Labs.Controls.Led.Tests.csproj" />
  <Project Path="controlgallery/AtomUILabsGallery/AtomUILabsGallery.csproj" />
  <Project Path="controlgallery/AtomUILabsGallery.Desktop/AtomUILabsGallery.Desktop.csproj" />
</Solution>
